// !$*UTF8*$!
{
	archiveVersion = 1;
	classes = {
	};
	objectVersion = 56;
	objects = {

/* Begin PBXBuildFile section */
		4F10DADA2B4FDA4A00D58A09 /* Travel.swift in Sources */ = {isa = PBXBuildFile; fileRef = 4F10DAD92B4FDA4A00D58A09 /* Travel.swift */; };
		4F10DADC2B4FE05D00D58A09 /* CityDetailViewController.swift in Sources */ = {isa = PBXBuildFile; fileRef = 4F10DADB2B4FE05D00D58A09 /* CityDetailViewController.swift */; };
		4F10DADE2B4FE09900D58A09 /* ADViewController.swift in Sources */ = {isa = PBXBuildFile; fileRef = 4F10DADD2B4FE09900D58A09 /* ADViewController.swift */; };
		4F10DAE22B4FE0C700D58A09 /* SpotViewController.swift in Sources */ = {isa = PBXBuildFile; fileRef = 4F10DAE12B4FE0C700D58A09 /* SpotViewController.swift */; };
		4F10DAE52B4FE13500D58A09 /* City.storyboard in Resources */ = {isa = PBXBuildFile; fileRef = 4F10DAE42B4FE13500D58A09 /* City.storyboard */; };
		4F10DAE82B4FE66E00D58A09 /* SpotTableViewCell.swift in Sources */ = {isa = PBXBuildFile; fileRef = 4F10DAE62B4FE66E00D58A09 /* SpotTableViewCell.swift */; };
		4F10DAE92B4FE66E00D58A09 /* SpotTableViewCell.xib in Resources */ = {isa = PBXBuildFile; fileRef = 4F10DAE72B4FE66E00D58A09 /* SpotTableViewCell.xib */; };
		4F10DAEC2B4FE67D00D58A09 /* ADTableViewCell.swift in Sources */ = {isa = PBXBuildFile; fileRef = 4F10DAEA2B4FE67D00D58A09 /* ADTableViewCell.swift */; };
		4F10DAED2B4FE67D00D58A09 /* ADTableViewCell.xib in Resources */ = {isa = PBXBuildFile; fileRef = 4F10DAEB2B4FE67D00D58A09 /* ADTableViewCell.xib */; };
		4F10DAEF2B50870600D58A09 /* Int+Extension.swift in Sources */ = {isa = PBXBuildFile; fileRef = 4F10DAEE2B50870600D58A09 /* Int+Extension.swift */; };
		4F10DAF12B50975D00D58A09 /* CustomViewControllerProtocol.swift in Sources */ = {isa = PBXBuildFile; fileRef = 4F10DAF02B50975D00D58A09 /* CustomViewControllerProtocol.swift */; };
		4F10DAF32B5097F800D58A09 /* UITableViewControllerProtocol.swift in Sources */ = {isa = PBXBuildFile; fileRef = 4F10DAF22B5097F800D58A09 /* UITableViewControllerProtocol.swift */; };
		4F10DAF52B5098F700D58A09 /* UICollectionViewControllerProtocol.swift in Sources */ = {isa = PBXBuildFile; fileRef = 4F10DAF42B5098F700D58A09 /* UICollectionViewControllerProtocol.swift */; };
		4F10DAFA2B512DFC00D58A09 /* Kingfisher in Frameworks */ = {isa = PBXBuildFile; productRef = 4F10DAF92B512DFC00D58A09 /* Kingfisher */; };
		4F10DAFD2B51319100D58A09 /* User.swift in Sources */ = {isa = PBXBuildFile; fileRef = 4F10DAFC2B51319100D58A09 /* User.swift */; };
		4F10DAFF2B51322600D58A09 /* Chat.swift in Sources */ = {isa = PBXBuildFile; fileRef = 4F10DAFE2B51322600D58A09 /* Chat.swift */; };
		4F10DB012B5133CD00D58A09 /* Chat.storyboard in Resources */ = {isa = PBXBuildFile; fileRef = 4F10DB002B5133CD00D58A09 /* Chat.storyboard */; };
		4F10DB032B51343F00D58A09 /* TravelTalkViewController.swift in Sources */ = {isa = PBXBuildFile; fileRef = 4F10DB022B51343F00D58A09 /* TravelTalkViewController.swift */; };
		4F10DB052B51344F00D58A09 /* ChatViewController.swift in Sources */ = {isa = PBXBuildFile; fileRef = 4F10DB042B51344F00D58A09 /* ChatViewController.swift */; };
		4F10DB0B2B51363C00D58A09 /* TravelTalkTableViewCell.swift in Sources */ = {isa = PBXBuildFile; fileRef = 4F10DB092B51363C00D58A09 /* TravelTalkTableViewCell.swift */; };
		4F10DB0C2B51363C00D58A09 /* TravelTalkTableViewCell.xib in Resources */ = {isa = PBXBuildFile; fileRef = 4F10DB0A2B51363C00D58A09 /* TravelTalkTableViewCell.xib */; };
		4F10DB0F2B51364C00D58A09 /* ChatReceiverTableViewCell.swift in Sources */ = {isa = PBXBuildFile; fileRef = 4F10DB0D2B51364C00D58A09 /* ChatReceiverTableViewCell.swift */; };
		4F10DB102B51364C00D58A09 /* ChatReceiverTableViewCell.xib in Resources */ = {isa = PBXBuildFile; fileRef = 4F10DB0E2B51364C00D58A09 /* ChatReceiverTableViewCell.xib */; };
		4F333CB02B4F762800FAA150 /* UICollectionView+Extension.swift in Sources */ = {isa = PBXBuildFile; fileRef = 4F333CAF2B4F762800FAA150 /* UICollectionView+Extension.swift */; };
		4F49DAC32B4D35A4005B0C1D /* City.swift in Sources */ = {isa = PBXBuildFile; fileRef = 4F49DAC22B4D35A4005B0C1D /* City.swift */; };
		4F49DAC52B4D38F1005B0C1D /* CityViewController.swift in Sources */ = {isa = PBXBuildFile; fileRef = 4F49DAC42B4D38F1005B0C1D /* CityViewController.swift */; };
		4F49DAC82B4D3915005B0C1D /* CityCollectionViewCell.swift in Sources */ = {isa = PBXBuildFile; fileRef = 4F49DAC62B4D3915005B0C1D /* CityCollectionViewCell.swift */; };
		4F49DAC92B4D3915005B0C1D /* CityCollectionViewCell.xib in Resources */ = {isa = PBXBuildFile; fileRef = 4F49DAC72B4D3915005B0C1D /* CityCollectionViewCell.xib */; };
		4F49DAE72B4E8D74005B0C1D /* UILabel+Extension.swift in Sources */ = {isa = PBXBuildFile; fileRef = 4F49DAE62B4E8D74005B0C1D /* UILabel+Extension.swift */; };
		4F49DAE92B4EA63E005B0C1D /* Date+Extension.swift in Sources */ = {isa = PBXBuildFile; fileRef = 4F49DAE82B4EA63E005B0C1D /* Date+Extension.swift */; };
		4F49DAEB2B4EA64A005B0C1D /* String+Extension.swift in Sources */ = {isa = PBXBuildFile; fileRef = 4F49DAEA2B4EA64A005B0C1D /* String+Extension.swift */; };
		4F49DAEF2B4EAB2C005B0C1D /* UIView+Extension.swift in Sources */ = {isa = PBXBuildFile; fileRef = 4F49DAEE2B4EAB2C005B0C1D /* UIView+Extension.swift */; };
		4F49DAF12B4EB71D005B0C1D /* UIButton+Extension+Extension.swift in Sources */ = {isa = PBXBuildFile; fileRef = 4F49DAF02B4EB71D005B0C1D /* UIButton+Extension+Extension.swift */; };
		4F49DAF42B4EC4D0005B0C1D /* UICollectionViewCellProtocol.swift in Sources */ = {isa = PBXBuildFile; fileRef = 4F49DAF32B4EC4D0005B0C1D /* UICollectionViewCellProtocol.swift */; };
		4F49DAF62B4EC54A005B0C1D /* UITableViewCellProtocol.swift in Sources */ = {isa = PBXBuildFile; fileRef = 4F49DAF52B4EC54A005B0C1D /* UITableViewCellProtocol.swift */; };
		4F4DCB3C2B54192E004C644D /* ChatUserTableViewCell.swift in Sources */ = {isa = PBXBuildFile; fileRef = 4F4DCB3A2B54192E004C644D /* ChatUserTableViewCell.swift */; };
		4F4DCB3D2B54192E004C644D /* ChatUserTableViewCell.xib in Resources */ = {isa = PBXBuildFile; fileRef = 4F4DCB3B2B54192E004C644D /* ChatUserTableViewCell.xib */; };
		4F4DCB3F2B54970D004C644D /* BubbleLabel.swift in Sources */ = {isa = PBXBuildFile; fileRef = 4F4DCB3E2B54970D004C644D /* BubbleLabel.swift */; };
		4F4DCB4C2B552E9A004C644D /* MagazineInfo.swift in Sources */ = {isa = PBXBuildFile; fileRef = 4F4DCB4B2B552E9A004C644D /* MagazineInfo.swift */; };
		4F4DCB4E2B552F11004C644D /* MagazineWebViewController.swift in Sources */ = {isa = PBXBuildFile; fileRef = 4F4DCB4D2B552F11004C644D /* MagazineWebViewController.swift */; };
		4F4DCB502B552F80004C644D /* UIViewController+Extension.swift in Sources */ = {isa = PBXBuildFile; fileRef = 4F4DCB4F2B552F80004C644D /* UIViewController+Extension.swift */; };
		4F4DCB522B552FA3004C644D /* ReusableProtocol.swift in Sources */ = {isa = PBXBuildFile; fileRef = 4F4DCB512B552FA3004C644D /* ReusableProtocol.swift */; };
		4F4DCB542B553105004C644D /* UITableViewCell+Extension.swift in Sources */ = {isa = PBXBuildFile; fileRef = 4F4DCB532B553105004C644D /* UITableViewCell+Extension.swift */; };
		4F4DCB562B553197004C644D /* UICollectionViewCell+Extension.swift in Sources */ = {isa = PBXBuildFile; fileRef = 4F4DCB552B553197004C644D /* UICollectionViewCell+Extension.swift */; };
		4F4DCB5A2B55680F004C644D /* Theater.swift in Sources */ = {isa = PBXBuildFile; fileRef = 4F4DCB592B55680F004C644D /* Theater.swift */; };
		4F4DCB5C2B55681D004C644D /* TheaterList.swift in Sources */ = {isa = PBXBuildFile; fileRef = 4F4DCB5B2B55681D004C644D /* TheaterList.swift */; };
		4F7F30942B481F5500A28267 /* AppDelegate.swift in Sources */ = {isa = PBXBuildFile; fileRef = 4F7F30932B481F5500A28267 /* AppDelegate.swift */; };
		4F7F30962B481F5500A28267 /* SceneDelegate.swift in Sources */ = {isa = PBXBuildFile; fileRef = 4F7F30952B481F5500A28267 /* SceneDelegate.swift */; };
		4F7F30982B481F5500A28267 /* ViewController.swift in Sources */ = {isa = PBXBuildFile; fileRef = 4F7F30972B481F5500A28267 /* ViewController.swift */; };
		4F7F309B2B481F5500A28267 /* Main.storyboard in Resources */ = {isa = PBXBuildFile; fileRef = 4F7F30992B481F5500A28267 /* Main.storyboard */; };
		4F7F309D2B481F5700A28267 /* Assets.xcassets in Resources */ = {isa = PBXBuildFile; fileRef = 4F7F309C2B481F5700A28267 /* Assets.xcassets */; };
		4F7F30A02B481F5700A28267 /* LaunchScreen.storyboard in Resources */ = {isa = PBXBuildFile; fileRef = 4F7F309E2B481F5700A28267 /* LaunchScreen.storyboard */; };
		4F7F30A82B482A1100A28267 /* SettingTableViewController.swift in Sources */ = {isa = PBXBuildFile; fileRef = 4F7F30A72B482A1100A28267 /* SettingTableViewController.swift */; };
		4F7F30AA2B48FD6100A28267 /* ShoppingTableViewCell.swift in Sources */ = {isa = PBXBuildFile; fileRef = 4F7F30A92B48FD6100A28267 /* ShoppingTableViewCell.swift */; };
		4F7F30AC2B49177D00A28267 /* ShoppingTableViewController.swift in Sources */ = {isa = PBXBuildFile; fileRef = 4F7F30AB2B49177D00A28267 /* ShoppingTableViewController.swift */; };
		4FA097682B4C66E300E84B79 /* UserDefaults.swift in Sources */ = {isa = PBXBuildFile; fileRef = 4FA097672B4C66E300E84B79 /* UserDefaults.swift */; };
		4FA0976A2B4C6D0C00E84B79 /* Shopping.swift in Sources */ = {isa = PBXBuildFile; fileRef = 4FA097692B4C6D0C00E84B79 /* Shopping.swift */; };
		4FA0976C2B4C747700E84B79 /* MagazineTableViewController.swift in Sources */ = {isa = PBXBuildFile; fileRef = 4FA0976B2B4C747700E84B79 /* MagazineTableViewController.swift */; };
		4FA0976E2B4C748B00E84B79 /* MagazineTableViewCell.swift in Sources */ = {isa = PBXBuildFile; fileRef = 4FA0976D2B4C748B00E84B79 /* MagazineTableViewCell.swift */; };
		4FA097702B4C773B00E84B79 /* Magazine.swift in Sources */ = {isa = PBXBuildFile; fileRef = 4FA0976F2B4C773B00E84B79 /* Magazine.swift */; };
/* End PBXBuildFile section */

/* Begin PBXFileReference section */
		4F10DAD92B4FDA4A00D58A09 /* Travel.swift */ = {isa = PBXFileReference; lastKnownFileType = sourcecode.swift; path = Travel.swift; sourceTree = "<group>"; };
		4F10DADB2B4FE05D00D58A09 /* CityDetailViewController.swift */ = {isa = PBXFileReference; lastKnownFileType = sourcecode.swift; path = CityDetailViewController.swift; sourceTree = "<group>"; };
		4F10DADD2B4FE09900D58A09 /* ADViewController.swift */ = {isa = PBXFileReference; lastKnownFileType = sourcecode.swift; path = ADViewController.swift; sourceTree = "<group>"; };
		4F10DAE12B4FE0C700D58A09 /* SpotViewController.swift */ = {isa = PBXFileReference; lastKnownFileType = sourcecode.swift; path = SpotViewController.swift; sourceTree = "<group>"; };
		4F10DAE42B4FE13500D58A09 /* City.storyboard */ = {isa = PBXFileReference; lastKnownFileType = file.storyboard; path = City.storyboard; sourceTree = "<group>"; };
		4F10DAE62B4FE66E00D58A09 /* SpotTableViewCell.swift */ = {isa = PBXFileReference; lastKnownFileType = sourcecode.swift; path = SpotTableViewCell.swift; sourceTree = "<group>"; };
		4F10DAE72B4FE66E00D58A09 /* SpotTableViewCell.xib */ = {isa = PBXFileReference; lastKnownFileType = file.xib; path = SpotTableViewCell.xib; sourceTree = "<group>"; };
		4F10DAEA2B4FE67D00D58A09 /* ADTableViewCell.swift */ = {isa = PBXFileReference; lastKnownFileType = sourcecode.swift; path = ADTableViewCell.swift; sourceTree = "<group>"; };
		4F10DAEB2B4FE67D00D58A09 /* ADTableViewCell.xib */ = {isa = PBXFileReference; lastKnownFileType = file.xib; path = ADTableViewCell.xib; sourceTree = "<group>"; };
		4F10DAEE2B50870600D58A09 /* Int+Extension.swift */ = {isa = PBXFileReference; lastKnownFileType = sourcecode.swift; path = "Int+Extension.swift"; sourceTree = "<group>"; };
		4F10DAF02B50975D00D58A09 /* CustomViewControllerProtocol.swift */ = {isa = PBXFileReference; lastKnownFileType = sourcecode.swift; path = CustomViewControllerProtocol.swift; sourceTree = "<group>"; };
		4F10DAF22B5097F800D58A09 /* UITableViewControllerProtocol.swift */ = {isa = PBXFileReference; lastKnownFileType = sourcecode.swift; path = UITableViewControllerProtocol.swift; sourceTree = "<group>"; };
		4F10DAF42B5098F700D58A09 /* UICollectionViewControllerProtocol.swift */ = {isa = PBXFileReference; lastKnownFileType = sourcecode.swift; path = UICollectionViewControllerProtocol.swift; sourceTree = "<group>"; };
		4F10DAFC2B51319100D58A09 /* User.swift */ = {isa = PBXFileReference; lastKnownFileType = sourcecode.swift; path = User.swift; sourceTree = "<group>"; };
		4F10DAFE2B51322600D58A09 /* Chat.swift */ = {isa = PBXFileReference; lastKnownFileType = sourcecode.swift; path = Chat.swift; sourceTree = "<group>"; };
		4F10DB002B5133CD00D58A09 /* Chat.storyboard */ = {isa = PBXFileReference; lastKnownFileType = file.storyboard; path = Chat.storyboard; sourceTree = "<group>"; };
		4F10DB022B51343F00D58A09 /* TravelTalkViewController.swift */ = {isa = PBXFileReference; lastKnownFileType = sourcecode.swift; path = TravelTalkViewController.swift; sourceTree = "<group>"; };
		4F10DB042B51344F00D58A09 /* ChatViewController.swift */ = {isa = PBXFileReference; lastKnownFileType = sourcecode.swift; path = ChatViewController.swift; sourceTree = "<group>"; };
		4F10DB092B51363C00D58A09 /* TravelTalkTableViewCell.swift */ = {isa = PBXFileReference; lastKnownFileType = sourcecode.swift; path = TravelTalkTableViewCell.swift; sourceTree = "<group>"; };
		4F10DB0A2B51363C00D58A09 /* TravelTalkTableViewCell.xib */ = {isa = PBXFileReference; lastKnownFileType = file.xib; path = TravelTalkTableViewCell.xib; sourceTree = "<group>"; };
		4F10DB0D2B51364C00D58A09 /* ChatReceiverTableViewCell.swift */ = {isa = PBXFileReference; lastKnownFileType = sourcecode.swift; path = ChatReceiverTableViewCell.swift; sourceTree = "<group>"; };
		4F10DB0E2B51364C00D58A09 /* ChatReceiverTableViewCell.xib */ = {isa = PBXFileReference; lastKnownFileType = file.xib; path = ChatReceiverTableViewCell.xib; sourceTree = "<group>"; };
		4F333CAF2B4F762800FAA150 /* UICollectionView+Extension.swift */ = {isa = PBXFileReference; lastKnownFileType = sourcecode.swift; path = "UICollectionView+Extension.swift"; sourceTree = "<group>"; };
		4F49DAC22B4D35A4005B0C1D /* City.swift */ = {isa = PBXFileReference; lastKnownFileType = sourcecode.swift; path = City.swift; sourceTree = "<group>"; };
		4F49DAC42B4D38F1005B0C1D /* CityViewController.swift */ = {isa = PBXFileReference; lastKnownFileType = sourcecode.swift; path = CityViewController.swift; sourceTree = "<group>"; };
		4F49DAC62B4D3915005B0C1D /* CityCollectionViewCell.swift */ = {isa = PBXFileReference; lastKnownFileType = sourcecode.swift; path = CityCollectionViewCell.swift; sourceTree = "<group>"; };
		4F49DAC72B4D3915005B0C1D /* CityCollectionViewCell.xib */ = {isa = PBXFileReference; lastKnownFileType = file.xib; path = CityCollectionViewCell.xib; sourceTree = "<group>"; };
		4F49DAE62B4E8D74005B0C1D /* UILabel+Extension.swift */ = {isa = PBXFileReference; lastKnownFileType = sourcecode.swift; path = "UILabel+Extension.swift"; sourceTree = "<group>"; };
		4F49DAE82B4EA63E005B0C1D /* Date+Extension.swift */ = {isa = PBXFileReference; lastKnownFileType = sourcecode.swift; path = "Date+Extension.swift"; sourceTree = "<group>"; };
		4F49DAEA2B4EA64A005B0C1D /* String+Extension.swift */ = {isa = PBXFileReference; lastKnownFileType = sourcecode.swift; path = "String+Extension.swift"; sourceTree = "<group>"; };
		4F49DAEE2B4EAB2C005B0C1D /* UIView+Extension.swift */ = {isa = PBXFileReference; lastKnownFileType = sourcecode.swift; path = "UIView+Extension.swift"; sourceTree = "<group>"; };
		4F49DAF02B4EB71D005B0C1D /* UIButton+Extension+Extension.swift */ = {isa = PBXFileReference; lastKnownFileType = sourcecode.swift; path = "UIButton+Extension+Extension.swift"; sourceTree = "<group>"; };
		4F49DAF32B4EC4D0005B0C1D /* UICollectionViewCellProtocol.swift */ = {isa = PBXFileReference; lastKnownFileType = sourcecode.swift; path = UICollectionViewCellProtocol.swift; sourceTree = "<group>"; };
		4F49DAF52B4EC54A005B0C1D /* UITableViewCellProtocol.swift */ = {isa = PBXFileReference; lastKnownFileType = sourcecode.swift; path = UITableViewCellProtocol.swift; sourceTree = "<group>"; };
		4F4DCB3A2B54192E004C644D /* ChatUserTableViewCell.swift */ = {isa = PBXFileReference; lastKnownFileType = sourcecode.swift; path = ChatUserTableViewCell.swift; sourceTree = "<group>"; };
		4F4DCB3B2B54192E004C644D /* ChatUserTableViewCell.xib */ = {isa = PBXFileReference; lastKnownFileType = file.xib; path = ChatUserTableViewCell.xib; sourceTree = "<group>"; };
		4F4DCB3E2B54970D004C644D /* BubbleLabel.swift */ = {isa = PBXFileReference; lastKnownFileType = sourcecode.swift; path = BubbleLabel.swift; sourceTree = "<group>"; };
		4F4DCB4B2B552E9A004C644D /* MagazineInfo.swift */ = {isa = PBXFileReference; lastKnownFileType = sourcecode.swift; path = MagazineInfo.swift; sourceTree = "<group>"; };
		4F4DCB4D2B552F11004C644D /* MagazineWebViewController.swift */ = {isa = PBXFileReference; lastKnownFileType = sourcecode.swift; path = MagazineWebViewController.swift; sourceTree = "<group>"; };
		4F4DCB4F2B552F80004C644D /* UIViewController+Extension.swift */ = {isa = PBXFileReference; lastKnownFileType = sourcecode.swift; path = "UIViewController+Extension.swift"; sourceTree = "<group>"; };
		4F4DCB512B552FA3004C644D /* ReusableProtocol.swift */ = {isa = PBXFileReference; lastKnownFileType = sourcecode.swift; path = ReusableProtocol.swift; sourceTree = "<group>"; };
		4F4DCB532B553105004C644D /* UITableViewCell+Extension.swift */ = {isa = PBXFileReference; lastKnownFileType = sourcecode.swift; path = "UITableViewCell+Extension.swift"; sourceTree = "<group>"; };
		4F4DCB552B553197004C644D /* UICollectionViewCell+Extension.swift */ = {isa = PBXFileReference; lastKnownFileType = sourcecode.swift; path = "UICollectionViewCell+Extension.swift"; sourceTree = "<group>"; };
		4F4DCB592B55680F004C644D /* Theater.swift */ = {isa = PBXFileReference; lastKnownFileType = sourcecode.swift; path = Theater.swift; sourceTree = "<group>"; };
		4F4DCB5B2B55681D004C644D /* TheaterList.swift */ = {isa = PBXFileReference; lastKnownFileType = sourcecode.swift; path = TheaterList.swift; sourceTree = "<group>"; };
		4F7F30902B481F5500A28267 /* TableView.app */ = {isa = PBXFileReference; explicitFileType = wrapper.application; includeInIndex = 0; path = TableView.app; sourceTree = BUILT_PRODUCTS_DIR; };
		4F7F30932B481F5500A28267 /* AppDelegate.swift */ = {isa = PBXFileReference; lastKnownFileType = sourcecode.swift; path = AppDelegate.swift; sourceTree = "<group>"; };
		4F7F30952B481F5500A28267 /* SceneDelegate.swift */ = {isa = PBXFileReference; lastKnownFileType = sourcecode.swift; path = SceneDelegate.swift; sourceTree = "<group>"; };
		4F7F30972B481F5500A28267 /* ViewController.swift */ = {isa = PBXFileReference; lastKnownFileType = sourcecode.swift; path = ViewController.swift; sourceTree = "<group>"; };
		4F7F309A2B481F5500A28267 /* Base */ = {isa = PBXFileReference; lastKnownFileType = file.storyboard; name = Base; path = Base.lproj/Main.storyboard; sourceTree = "<group>"; };
		4F7F309C2B481F5700A28267 /* Assets.xcassets */ = {isa = PBXFileReference; lastKnownFileType = folder.assetcatalog; path = Assets.xcassets; sourceTree = "<group>"; };
		4F7F309F2B481F5700A28267 /* Base */ = {isa = PBXFileReference; lastKnownFileType = file.storyboard; name = Base; path = Base.lproj/LaunchScreen.storyboard; sourceTree = "<group>"; };
		4F7F30A12B481F5700A28267 /* Info.plist */ = {isa = PBXFileReference; lastKnownFileType = text.plist.xml; path = Info.plist; sourceTree = "<group>"; };
		4F7F30A72B482A1100A28267 /* SettingTableViewController.swift */ = {isa = PBXFileReference; lastKnownFileType = sourcecode.swift; path = SettingTableViewController.swift; sourceTree = "<group>"; };
		4F7F30A92B48FD6100A28267 /* ShoppingTableViewCell.swift */ = {isa = PBXFileReference; lastKnownFileType = sourcecode.swift; path = ShoppingTableViewCell.swift; sourceTree = "<group>"; };
		4F7F30AB2B49177D00A28267 /* ShoppingTableViewController.swift */ = {isa = PBXFileReference; lastKnownFileType = sourcecode.swift; path = ShoppingTableViewController.swift; sourceTree = "<group>"; };
		4FA097672B4C66E300E84B79 /* UserDefaults.swift */ = {isa = PBXFileReference; lastKnownFileType = sourcecode.swift; path = UserDefaults.swift; sourceTree = "<group>"; };
		4FA097692B4C6D0C00E84B79 /* Shopping.swift */ = {isa = PBXFileReference; lastKnownFileType = sourcecode.swift; path = Shopping.swift; sourceTree = "<group>"; };
		4FA0976B2B4C747700E84B79 /* MagazineTableViewController.swift */ = {isa = PBXFileReference; lastKnownFileType = sourcecode.swift; path = MagazineTableViewController.swift; sourceTree = "<group>"; };
		4FA0976D2B4C748B00E84B79 /* MagazineTableViewCell.swift */ = {isa = PBXFileReference; lastKnownFileType = sourcecode.swift; path = MagazineTableViewCell.swift; sourceTree = "<group>"; };
		4FA0976F2B4C773B00E84B79 /* Magazine.swift */ = {isa = PBXFileReference; lastKnownFileType = sourcecode.swift; path = Magazine.swift; sourceTree = "<group>"; };
/* End PBXFileReference section */

/* Begin PBXFrameworksBuildPhase section */
		4F7F308D2B481F5500A28267 /* Frameworks */ = {
			isa = PBXFrameworksBuildPhase;
			buildActionMask = 2147483647;
			files = (
				4F10DAFA2B512DFC00D58A09 /* Kingfisher in Frameworks */,
			);
			runOnlyForDeploymentPostprocessing = 0;
		};
/* End PBXFrameworksBuildPhase section */

/* Begin PBXGroup section */
		4F10DADF2B4FE0A100D58A09 /* Spot */ = {
			isa = PBXGroup;
			children = (
				4F10DAE62B4FE66E00D58A09 /* SpotTableViewCell.swift */,
				4F10DAE72B4FE66E00D58A09 /* SpotTableViewCell.xib */,
				4F10DAE12B4FE0C700D58A09 /* SpotViewController.swift */,
			);
			path = Spot;
			sourceTree = "<group>";
		};
		4F10DAE02B4FE0B300D58A09 /* AD */ = {
			isa = PBXGroup;
			children = (
				4F10DADD2B4FE09900D58A09 /* ADViewController.swift */,
				4F10DAEA2B4FE67D00D58A09 /* ADTableViewCell.swift */,
				4F10DAEB2B4FE67D00D58A09 /* ADTableViewCell.xib */,
			);
			path = AD;
			sourceTree = "<group>";
		};
		4F10DAE32B4FE0E600D58A09 /* Detail */ = {
			isa = PBXGroup;
			children = (
				4F10DAE02B4FE0B300D58A09 /* AD */,
				4F10DADF2B4FE0A100D58A09 /* Spot */,
				4F10DADB2B4FE05D00D58A09 /* CityDetailViewController.swift */,
			);
			path = Detail;
			sourceTree = "<group>";
		};
		4F10DAFB2B51317400D58A09 /* Chat */ = {
			isa = PBXGroup;
			children = (
				4F10DB082B5134D500D58A09 /* Cell */,
				4F10DB072B5134BE00D58A09 /* ViewController */,
				4F10DB062B51346B00D58A09 /* Model */,
				4F10DB002B5133CD00D58A09 /* Chat.storyboard */,
				4F4DCB3E2B54970D004C644D /* BubbleLabel.swift */,
			);
			path = Chat;
			sourceTree = "<group>";
		};
		4F10DB062B51346B00D58A09 /* Model */ = {
			isa = PBXGroup;
			children = (
				4F10DAFC2B51319100D58A09 /* User.swift */,
				4F10DAFE2B51322600D58A09 /* Chat.swift */,
			);
			path = Model;
			sourceTree = "<group>";
		};
		4F10DB072B5134BE00D58A09 /* ViewController */ = {
			isa = PBXGroup;
			children = (
				4F10DB022B51343F00D58A09 /* TravelTalkViewController.swift */,
				4F10DB042B51344F00D58A09 /* ChatViewController.swift */,
			);
			path = ViewController;
			sourceTree = "<group>";
		};
		4F10DB082B5134D500D58A09 /* Cell */ = {
			isa = PBXGroup;
			children = (
				4F10DB092B51363C00D58A09 /* TravelTalkTableViewCell.swift */,
				4F10DB0A2B51363C00D58A09 /* TravelTalkTableViewCell.xib */,
				4F10DB0D2B51364C00D58A09 /* ChatReceiverTableViewCell.swift */,
				4F10DB0E2B51364C00D58A09 /* ChatReceiverTableViewCell.xib */,
				4F4DCB3A2B54192E004C644D /* ChatUserTableViewCell.swift */,
				4F4DCB3B2B54192E004C644D /* ChatUserTableViewCell.xib */,
			);
			path = Cell;
			sourceTree = "<group>";
		};
		4F49DABF2B4D351D005B0C1D /* Shopping */ = {
			isa = PBXGroup;
			children = (
				4F7F30AB2B49177D00A28267 /* ShoppingTableViewController.swift */,
				4F7F30A92B48FD6100A28267 /* ShoppingTableViewCell.swift */,
				4FA097692B4C6D0C00E84B79 /* Shopping.swift */,
				4FA097672B4C66E300E84B79 /* UserDefaults.swift */,
			);
			path = Shopping;
			sourceTree = "<group>";
		};
		4F49DAC02B4D3538005B0C1D /* Magazine */ = {
			isa = PBXGroup;
			children = (
				4FA0976B2B4C747700E84B79 /* MagazineTableViewController.swift */,
				4FA0976D2B4C748B00E84B79 /* MagazineTableViewCell.swift */,
				4FA0976F2B4C773B00E84B79 /* Magazine.swift */,
				4F4DCB4B2B552E9A004C644D /* MagazineInfo.swift */,
				4F4DCB4D2B552F11004C644D /* MagazineWebViewController.swift */,
			);
			path = Magazine;
			sourceTree = "<group>";
		};
		4F49DAC12B4D3593005B0C1D /* City */ = {
			isa = PBXGroup;
			children = (
				4F10DAE32B4FE0E600D58A09 /* Detail */,
				4F49DAC22B4D35A4005B0C1D /* City.swift */,
				4F49DAC42B4D38F1005B0C1D /* CityViewController.swift */,
				4F49DAC62B4D3915005B0C1D /* CityCollectionViewCell.swift */,
				4F49DAC72B4D3915005B0C1D /* CityCollectionViewCell.xib */,
				4F10DAD92B4FDA4A00D58A09 /* Travel.swift */,
				4F10DAE42B4FE13500D58A09 /* City.storyboard */,
			);
			path = City;
			sourceTree = "<group>";
		};
		4F49DAE22B4E8CD0005B0C1D /* Extension */ = {
			isa = PBXGroup;
			children = (
				4F49DAE62B4E8D74005B0C1D /* UILabel+Extension.swift */,
				4F49DAE82B4EA63E005B0C1D /* Date+Extension.swift */,
				4F49DAEA2B4EA64A005B0C1D /* String+Extension.swift */,
				4F49DAEE2B4EAB2C005B0C1D /* UIView+Extension.swift */,
				4F49DAF02B4EB71D005B0C1D /* UIButton+Extension+Extension.swift */,
				4F333CAF2B4F762800FAA150 /* UICollectionView+Extension.swift */,
				4F10DAEE2B50870600D58A09 /* Int+Extension.swift */,
				4F4DCB4F2B552F80004C644D /* UIViewController+Extension.swift */,
				4F4DCB532B553105004C644D /* UITableViewCell+Extension.swift */,
				4F4DCB552B553197004C644D /* UICollectionViewCell+Extension.swift */,
			);
			path = Extension;
			sourceTree = "<group>";
		};
		4F49DAF22B4EC4A0005B0C1D /* Protocol */ = {
			isa = PBXGroup;
			children = (
				4F49DAF52B4EC54A005B0C1D /* UITableViewCellProtocol.swift */,
				4F49DAF32B4EC4D0005B0C1D /* UICollectionViewCellProtocol.swift */,
				4F10DAF02B50975D00D58A09 /* CustomViewControllerProtocol.swift */,
				4F10DAF22B5097F800D58A09 /* UITableViewControllerProtocol.swift */,
				4F10DAF42B5098F700D58A09 /* UICollectionViewControllerProtocol.swift */,
				4F4DCB512B552FA3004C644D /* ReusableProtocol.swift */,
			);
			path = Protocol;
			sourceTree = "<group>";
		};
		4F4DCB572B5567D1004C644D /* Theater */ = {
			isa = PBXGroup;
			children = (
				4F4DCB582B556805004C644D /* Model */,
			);
			path = Theater;
			sourceTree = "<group>";
		};
		4F4DCB582B556805004C644D /* Model */ = {
			isa = PBXGroup;
			children = (
				4F4DCB592B55680F004C644D /* Theater.swift */,
				4F4DCB5B2B55681D004C644D /* TheaterList.swift */,
			);
			path = Model;
			sourceTree = "<group>";
		};
		4F7F30872B481F5500A28267 = {
			isa = PBXGroup;
			children = (
				4F7F30922B481F5500A28267 /* TableView */,
				4F7F30912B481F5500A28267 /* Products */,
			);
			sourceTree = "<group>";
		};
		4F7F30912B481F5500A28267 /* Products */ = {
			isa = PBXGroup;
			children = (
				4F7F30902B481F5500A28267 /* TableView.app */,
			);
			name = Products;
			sourceTree = "<group>";
		};
		4F7F30922B481F5500A28267 /* TableView */ = {
			isa = PBXGroup;
			children = (
				4F4DCB572B5567D1004C644D /* Theater */,
				4F10DAFB2B51317400D58A09 /* Chat */,
				4F49DAF22B4EC4A0005B0C1D /* Protocol */,
				4F49DAE22B4E8CD0005B0C1D /* Extension */,
				4F49DAC12B4D3593005B0C1D /* City */,
				4F49DAC02B4D3538005B0C1D /* Magazine */,
				4F49DABF2B4D351D005B0C1D /* Shopping */,
				4F7F30932B481F5500A28267 /* AppDelegate.swift */,
				4F7F30952B481F5500A28267 /* SceneDelegate.swift */,
				4F7F30972B481F5500A28267 /* ViewController.swift */,
				4F7F30A72B482A1100A28267 /* SettingTableViewController.swift */,
				4F7F30992B481F5500A28267 /* Main.storyboard */,
				4F7F309C2B481F5700A28267 /* Assets.xcassets */,
				4F7F309E2B481F5700A28267 /* LaunchScreen.storyboard */,
				4F7F30A12B481F5700A28267 /* Info.plist */,
			);
			path = TableView;
			sourceTree = "<group>";
		};
/* End PBXGroup section */

/* Begin PBXNativeTarget section */
		4F7F308F2B481F5500A28267 /* TableView */ = {
			isa = PBXNativeTarget;
			buildConfigurationList = 4F7F30A42B481F5700A28267 /* Build configuration list for PBXNativeTarget "TableView" */;
			buildPhases = (
				4F7F308C2B481F5500A28267 /* Sources */,
				4F7F308D2B481F5500A28267 /* Frameworks */,
				4F7F308E2B481F5500A28267 /* Resources */,
			);
			buildRules = (
			);
			dependencies = (
			);
			name = TableView;
			packageProductDependencies = (
				4F10DAF92B512DFC00D58A09 /* Kingfisher */,
			);
			productName = TableView;
			productReference = 4F7F30902B481F5500A28267 /* TableView.app */;
			productType = "com.apple.product-type.application";
		};
/* End PBXNativeTarget section */

/* Begin PBXProject section */
		4F7F30882B481F5500A28267 /* Project object */ = {
			isa = PBXProject;
			attributes = {
				BuildIndependentTargetsInParallel = 1;
				LastSwiftUpdateCheck = 1510;
				LastUpgradeCheck = 1510;
				TargetAttributes = {
					4F7F308F2B481F5500A28267 = {
						CreatedOnToolsVersion = 15.1;
					};
				};
			};
			buildConfigurationList = 4F7F308B2B481F5500A28267 /* Build configuration list for PBXProject "TableView" */;
			compatibilityVersion = "Xcode 14.0";
			developmentRegion = en;
			hasScannedForEncodings = 0;
			knownRegions = (
				en,
				Base,
			);
			mainGroup = 4F7F30872B481F5500A28267;
			packageReferences = (
				4F10DAF82B512DFC00D58A09 /* XCRemoteSwiftPackageReference "Kingfisher" */,
			);
			productRefGroup = 4F7F30912B481F5500A28267 /* Products */;
			projectDirPath = "";
			projectRoot = "";
			targets = (
				4F7F308F2B481F5500A28267 /* TableView */,
			);
		};
/* End PBXProject section */

/* Begin PBXResourcesBuildPhase section */
		4F7F308E2B481F5500A28267 /* Resources */ = {
			isa = PBXResourcesBuildPhase;
			buildActionMask = 2147483647;
			files = (
				4F7F30A02B481F5700A28267 /* LaunchScreen.storyboard in Resources */,
				4F10DAE92B4FE66E00D58A09 /* SpotTableViewCell.xib in Resources */,
				4F7F309D2B481F5700A28267 /* Assets.xcassets in Resources */,
				4F10DB0C2B51363C00D58A09 /* TravelTalkTableViewCell.xib in Resources */,
				4F7F309B2B481F5500A28267 /* Main.storyboard in Resources */,
				4F10DAE52B4FE13500D58A09 /* City.storyboard in Resources */,
				4F4DCB3D2B54192E004C644D /* ChatUserTableViewCell.xib in Resources */,
				4F10DAED2B4FE67D00D58A09 /* ADTableViewCell.xib in Resources */,
				4F10DB102B51364C00D58A09 /* ChatReceiverTableViewCell.xib in Resources */,
				4F10DB012B5133CD00D58A09 /* Chat.storyboard in Resources */,
				4F49DAC92B4D3915005B0C1D /* CityCollectionViewCell.xib in Resources */,
			);
			runOnlyForDeploymentPostprocessing = 0;
		};
/* End PBXResourcesBuildPhase section */

/* Begin PBXSourcesBuildPhase section */
		4F7F308C2B481F5500A28267 /* Sources */ = {
			isa = PBXSourcesBuildPhase;
			buildActionMask = 2147483647;
			files = (
				4F4DCB3F2B54970D004C644D /* BubbleLabel.swift in Sources */,
				4F7F30A82B482A1100A28267 /* SettingTableViewController.swift in Sources */,
				4F4DCB542B553105004C644D /* UITableViewCell+Extension.swift in Sources */,
				4F49DAC52B4D38F1005B0C1D /* CityViewController.swift in Sources */,
				4F49DAE72B4E8D74005B0C1D /* UILabel+Extension.swift in Sources */,
				4F4DCB5C2B55681D004C644D /* TheaterList.swift in Sources */,
				4F10DADA2B4FDA4A00D58A09 /* Travel.swift in Sources */,
				4F10DADC2B4FE05D00D58A09 /* CityDetailViewController.swift in Sources */,
				4F10DB0F2B51364C00D58A09 /* ChatReceiverTableViewCell.swift in Sources */,
				4FA0976C2B4C747700E84B79 /* MagazineTableViewController.swift in Sources */,
				4F49DAC32B4D35A4005B0C1D /* City.swift in Sources */,
				4F49DAE92B4EA63E005B0C1D /* Date+Extension.swift in Sources */,
				4F10DAF32B5097F800D58A09 /* UITableViewControllerProtocol.swift in Sources */,
				4F49DAF12B4EB71D005B0C1D /* UIButton+Extension+Extension.swift in Sources */,
				4F4DCB522B552FA3004C644D /* ReusableProtocol.swift in Sources */,
				4F4DCB4C2B552E9A004C644D /* MagazineInfo.swift in Sources */,
				4FA0976A2B4C6D0C00E84B79 /* Shopping.swift in Sources */,
				4F4DCB5A2B55680F004C644D /* Theater.swift in Sources */,
				4FA0976E2B4C748B00E84B79 /* MagazineTableViewCell.swift in Sources */,
				4F10DAFF2B51322600D58A09 /* Chat.swift in Sources */,
				4F4DCB502B552F80004C644D /* UIViewController+Extension.swift in Sources */,
				4F49DAEB2B4EA64A005B0C1D /* String+Extension.swift in Sources */,
				4F4DCB4E2B552F11004C644D /* MagazineWebViewController.swift in Sources */,
				4F7F30AC2B49177D00A28267 /* ShoppingTableViewController.swift in Sources */,
				4F49DAC82B4D3915005B0C1D /* CityCollectionViewCell.swift in Sources */,
				4F49DAF42B4EC4D0005B0C1D /* UICollectionViewCellProtocol.swift in Sources */,
				4F10DB032B51343F00D58A09 /* TravelTalkViewController.swift in Sources */,
				4F7F30982B481F5500A28267 /* ViewController.swift in Sources */,
				4F10DAEC2B4FE67D00D58A09 /* ADTableViewCell.swift in Sources */,
				4F10DADE2B4FE09900D58A09 /* ADViewController.swift in Sources */,
				4FA097682B4C66E300E84B79 /* UserDefaults.swift in Sources */,
				4F7F30942B481F5500A28267 /* AppDelegate.swift in Sources */,
				4F4DCB562B553197004C644D /* UICollectionViewCell+Extension.swift in Sources */,
				4F10DAEF2B50870600D58A09 /* Int+Extension.swift in Sources */,
				4F10DAF12B50975D00D58A09 /* CustomViewControllerProtocol.swift in Sources */,
				4F49DAF62B4EC54A005B0C1D /* UITableViewCellProtocol.swift in Sources */,
				4F10DB0B2B51363C00D58A09 /* TravelTalkTableViewCell.swift in Sources */,
				4F4DCB3C2B54192E004C644D /* ChatUserTableViewCell.swift in Sources */,
				4F49DAEF2B4EAB2C005B0C1D /* UIView+Extension.swift in Sources */,
				4F7F30AA2B48FD6100A28267 /* ShoppingTableViewCell.swift in Sources */,
				4FA097702B4C773B00E84B79 /* Magazine.swift in Sources */,
				4F333CB02B4F762800FAA150 /* UICollectionView+Extension.swift in Sources */,
				4F10DAFD2B51319100D58A09 /* User.swift in Sources */,
				4F10DAE82B4FE66E00D58A09 /* SpotTableViewCell.swift in Sources */,
				4F10DAE22B4FE0C700D58A09 /* SpotViewController.swift in Sources */,
				4F10DAF52B5098F700D58A09 /* UICollectionViewControllerProtocol.swift in Sources */,
				4F10DB052B51344F00D58A09 /* ChatViewController.swift in Sources */,
				4F7F30962B481F5500A28267 /* SceneDelegate.swift in Sources */,
			);
			runOnlyForDeploymentPostprocessing = 0;
		};
/* End PBXSourcesBuildPhase section */

/* Begin PBXVariantGroup section */
		4F7F30992B481F5500A28267 /* Main.storyboard */ = {
			isa = PBXVariantGroup;
			children = (
				4F7F309A2B481F5500A28267 /* Base */,
			);
			name = Main.storyboard;
			sourceTree = "<group>";
		};
		4F7F309E2B481F5700A28267 /* LaunchScreen.storyboard */ = {
			isa = PBXVariantGroup;
			children = (
				4F7F309F2B481F5700A28267 /* Base */,
			);
			name = LaunchScreen.storyboard;
			sourceTree = "<group>";
		};
/* End PBXVariantGroup section */

/* Begin XCBuildConfiguration section */
		4F7F30A22B481F5700A28267 /* Debug */ = {
			isa = XCBuildConfiguration;
			buildSettings = {
				ALWAYS_SEARCH_USER_PATHS = NO;
				ASSETCATALOG_COMPILER_GENERATE_SWIFT_ASSET_SYMBOL_EXTENSIONS = YES;
				CLANG_ANALYZER_NONNULL = YES;
				CLANG_ANALYZER_NUMBER_OBJECT_CONVERSION = YES_AGGRESSIVE;
				CLANG_CXX_LANGUAGE_STANDARD = "gnu++20";
				CLANG_ENABLE_MODULES = YES;
				CLANG_ENABLE_OBJC_ARC = YES;
				CLANG_ENABLE_OBJC_WEAK = YES;
				CLANG_WARN_BLOCK_CAPTURE_AUTORELEASING = YES;
				CLANG_WARN_BOOL_CONVERSION = YES;
				CLANG_WARN_COMMA = YES;
				CLANG_WARN_CONSTANT_CONVERSION = YES;
				CLANG_WARN_DEPRECATED_OBJC_IMPLEMENTATIONS = YES;
				CLANG_WARN_DIRECT_OBJC_ISA_USAGE = YES_ERROR;
				CLANG_WARN_DOCUMENTATION_COMMENTS = YES;
				CLANG_WARN_EMPTY_BODY = YES;
				CLANG_WARN_ENUM_CONVERSION = YES;
				CLANG_WARN_INFINITE_RECURSION = YES;
				CLANG_WARN_INT_CONVERSION = YES;
				CLANG_WARN_NON_LITERAL_NULL_CONVERSION = YES;
				CLANG_WARN_OBJC_IMPLICIT_RETAIN_SELF = YES;
				CLANG_WARN_OBJC_LITERAL_CONVERSION = YES;
				CLANG_WARN_OBJC_ROOT_CLASS = YES_ERROR;
				CLANG_WARN_QUOTED_INCLUDE_IN_FRAMEWORK_HEADER = YES;
				CLANG_WARN_RANGE_LOOP_ANALYSIS = YES;
				CLANG_WARN_STRICT_PROTOTYPES = YES;
				CLANG_WARN_SUSPICIOUS_MOVE = YES;
				CLANG_WARN_UNGUARDED_AVAILABILITY = YES_AGGRESSIVE;
				CLANG_WARN_UNREACHABLE_CODE = YES;
				CLANG_WARN__DUPLICATE_METHOD_MATCH = YES;
				COPY_PHASE_STRIP = NO;
				DEBUG_INFORMATION_FORMAT = dwarf;
				ENABLE_STRICT_OBJC_MSGSEND = YES;
				ENABLE_TESTABILITY = YES;
				ENABLE_USER_SCRIPT_SANDBOXING = YES;
				GCC_C_LANGUAGE_STANDARD = gnu17;
				GCC_DYNAMIC_NO_PIC = NO;
				GCC_NO_COMMON_BLOCKS = YES;
				GCC_OPTIMIZATION_LEVEL = 0;
				GCC_PREPROCESSOR_DEFINITIONS = (
					"DEBUG=1",
					"$(inherited)",
				);
				GCC_WARN_64_TO_32_BIT_CONVERSION = YES;
				GCC_WARN_ABOUT_RETURN_TYPE = YES_ERROR;
				GCC_WARN_UNDECLARED_SELECTOR = YES;
				GCC_WARN_UNINITIALIZED_AUTOS = YES_AGGRESSIVE;
				GCC_WARN_UNUSED_FUNCTION = YES;
				GCC_WARN_UNUSED_VARIABLE = YES;
				IPHONEOS_DEPLOYMENT_TARGET = 17.2;
				LOCALIZATION_PREFERS_STRING_CATALOGS = YES;
				MTL_ENABLE_DEBUG_INFO = INCLUDE_SOURCE;
				MTL_FAST_MATH = YES;
				ONLY_ACTIVE_ARCH = YES;
				SDKROOT = iphoneos;
				SWIFT_ACTIVE_COMPILATION_CONDITIONS = "DEBUG $(inherited)";
				SWIFT_OPTIMIZATION_LEVEL = "-Onone";
			};
			name = Debug;
		};
		4F7F30A32B481F5700A28267 /* Release */ = {
			isa = XCBuildConfiguration;
			buildSettings = {
				ALWAYS_SEARCH_USER_PATHS = NO;
				ASSETCATALOG_COMPILER_GENERATE_SWIFT_ASSET_SYMBOL_EXTENSIONS = YES;
				CLANG_ANALYZER_NONNULL = YES;
				CLANG_ANALYZER_NUMBER_OBJECT_CONVERSION = YES_AGGRESSIVE;
				CLANG_CXX_LANGUAGE_STANDARD = "gnu++20";
				CLANG_ENABLE_MODULES = YES;
				CLANG_ENABLE_OBJC_ARC = YES;
				CLANG_ENABLE_OBJC_WEAK = YES;
				CLANG_WARN_BLOCK_CAPTURE_AUTORELEASING = YES;
				CLANG_WARN_BOOL_CONVERSION = YES;
				CLANG_WARN_COMMA = YES;
				CLANG_WARN_CONSTANT_CONVERSION = YES;
				CLANG_WARN_DEPRECATED_OBJC_IMPLEMENTATIONS = YES;
				CLANG_WARN_DIRECT_OBJC_ISA_USAGE = YES_ERROR;
				CLANG_WARN_DOCUMENTATION_COMMENTS = YES;
				CLANG_WARN_EMPTY_BODY = YES;
				CLANG_WARN_ENUM_CONVERSION = YES;
				CLANG_WARN_INFINITE_RECURSION = YES;
				CLANG_WARN_INT_CONVERSION = YES;
				CLANG_WARN_NON_LITERAL_NULL_CONVERSION = YES;
				CLANG_WARN_OBJC_IMPLICIT_RETAIN_SELF = YES;
				CLANG_WARN_OBJC_LITERAL_CONVERSION = YES;
				CLANG_WARN_OBJC_ROOT_CLASS = YES_ERROR;
				CLANG_WARN_QUOTED_INCLUDE_IN_FRAMEWORK_HEADER = YES;
				CLANG_WARN_RANGE_LOOP_ANALYSIS = YES;
				CLANG_WARN_STRICT_PROTOTYPES = YES;
				CLANG_WARN_SUSPICIOUS_MOVE = YES;
				CLANG_WARN_UNGUARDED_AVAILABILITY = YES_AGGRESSIVE;
				CLANG_WARN_UNREACHABLE_CODE = YES;
				CLANG_WARN__DUPLICATE_METHOD_MATCH = YES;
				COPY_PHASE_STRIP = NO;
				DEBUG_INFORMATION_FORMAT = "dwarf-with-dsym";
				ENABLE_NS_ASSERTIONS = NO;
				ENABLE_STRICT_OBJC_MSGSEND = YES;
				ENABLE_USER_SCRIPT_SANDBOXING = YES;
				GCC_C_LANGUAGE_STANDARD = gnu17;
				GCC_NO_COMMON_BLOCKS = YES;
				GCC_WARN_64_TO_32_BIT_CONVERSION = YES;
				GCC_WARN_ABOUT_RETURN_TYPE = YES_ERROR;
				GCC_WARN_UNDECLARED_SELECTOR = YES;
				GCC_WARN_UNINITIALIZED_AUTOS = YES_AGGRESSIVE;
				GCC_WARN_UNUSED_FUNCTION = YES;
				GCC_WARN_UNUSED_VARIABLE = YES;
				IPHONEOS_DEPLOYMENT_TARGET = 17.2;
				LOCALIZATION_PREFERS_STRING_CATALOGS = YES;
				MTL_ENABLE_DEBUG_INFO = NO;
				MTL_FAST_MATH = YES;
				SDKROOT = iphoneos;
				SWIFT_COMPILATION_MODE = wholemodule;
				VALIDATE_PRODUCT = YES;
			};
			name = Release;
		};
		4F7F30A52B481F5700A28267 /* Debug */ = {
			isa = XCBuildConfiguration;
			buildSettings = {
				ASSETCATALOG_COMPILER_APPICON_NAME = AppIcon;
				ASSETCATALOG_COMPILER_GLOBAL_ACCENT_COLOR_NAME = AccentColor;
				CODE_SIGN_STYLE = Automatic;
				CURRENT_PROJECT_VERSION = 1;
				DEVELOPMENT_TEAM = HAA376DX53;
				GENERATE_INFOPLIST_FILE = YES;
				INFOPLIST_FILE = TableView/Info.plist;
				INFOPLIST_KEY_UIApplicationSupportsIndirectInputEvents = YES;
				INFOPLIST_KEY_UILaunchStoryboardName = LaunchScreen;
				INFOPLIST_KEY_UIMainStoryboardFile = Main;
				INFOPLIST_KEY_UISupportedInterfaceOrientations_iPad = "UIInterfaceOrientationPortrait UIInterfaceOrientationPortraitUpsideDown UIInterfaceOrientationLandscapeLeft UIInterfaceOrientationLandscapeRight";
				INFOPLIST_KEY_UISupportedInterfaceOrientations_iPhone = "UIInterfaceOrientationPortrait UIInterfaceOrientationLandscapeLeft UIInterfaceOrientationLandscapeRight";
				LD_RUNPATH_SEARCH_PATHS = (
					"$(inherited)",
					"@executable_path/Frameworks",
				);
				MARKETING_VERSION = 1.0;
				PRODUCT_BUNDLE_IDENTIFIER = com.heegee.TableView;
				PRODUCT_NAME = "$(TARGET_NAME)";
				SWIFT_EMIT_LOC_STRINGS = YES;
				SWIFT_VERSION = 5.0;
				TARGETED_DEVICE_FAMILY = "1,2";
			};
			name = Debug;
		};
		4F7F30A62B481F5700A28267 /* Release */ = {
			isa = XCBuildConfiguration;
			buildSettings = {
				ASSETCATALOG_COMPILER_APPICON_NAME = AppIcon;
				ASSETCATALOG_COMPILER_GLOBAL_ACCENT_COLOR_NAME = AccentColor;
				CODE_SIGN_STYLE = Automatic;
				CURRENT_PROJECT_VERSION = 1;
				DEVELOPMENT_TEAM = HAA376DX53;
				GENERATE_INFOPLIST_FILE = YES;
				INFOPLIST_FILE = TableView/Info.plist;
				INFOPLIST_KEY_UIApplicationSupportsIndirectInputEvents = YES;
				INFOPLIST_KEY_UILaunchStoryboardName = LaunchScreen;
				INFOPLIST_KEY_UIMainStoryboardFile = Main;
				INFOPLIST_KEY_UISupportedInterfaceOrientations_iPad = "UIInterfaceOrientationPortrait UIInterfaceOrientationPortraitUpsideDown UIInterfaceOrientationLandscapeLeft UIInterfaceOrientationLandscapeRight";
				INFOPLIST_KEY_UISupportedInterfaceOrientations_iPhone = "UIInterfaceOrientationPortrait UIInterfaceOrientationLandscapeLeft UIInterfaceOrientationLandscapeRight";
				LD_RUNPATH_SEARCH_PATHS = (
					"$(inherited)",
					"@executable_path/Frameworks",
				);
				MARKETING_VERSION = 1.0;
				PRODUCT_BUNDLE_IDENTIFIER = com.heegee.TableView;
				PRODUCT_NAME = "$(TARGET_NAME)";
				SWIFT_EMIT_LOC_STRINGS = YES;
				SWIFT_VERSION = 5.0;
				TARGETED_DEVICE_FAMILY = "1,2";
			};
			name = Release;
		};
/* End XCBuildConfiguration section */

/* Begin XCConfigurationList section */
		4F7F308B2B481F5500A28267 /* Build configuration list for PBXProject "TableView" */ = {
			isa = XCConfigurationList;
			buildConfigurations = (
				4F7F30A22B481F5700A28267 /* Debug */,
				4F7F30A32B481F5700A28267 /* Release */,
			);
			defaultConfigurationIsVisible = 0;
			defaultConfigurationName = Release;
		};
		4F7F30A42B481F5700A28267 /* Build configuration list for PBXNativeTarget "TableView" */ = {
			isa = XCConfigurationList;
			buildConfigurations = (
				4F7F30A52B481F5700A28267 /* Debug */,
				4F7F30A62B481F5700A28267 /* Release */,
			);
			defaultConfigurationIsVisible = 0;
			defaultConfigurationName = Release;
		};
/* End XCConfigurationList section */

/* Begin XCRemoteSwiftPackageReference section */
		4F10DAF82B512DFC00D58A09 /* XCRemoteSwiftPackageReference "Kingfisher" */ = {
			isa = XCRemoteSwiftPackageReference;
			repositoryURL = "https://github.com/onevcat/Kingfisher";
			requirement = {
				kind = upToNextMajorVersion;
				minimumVersion = 7.10.2;
			};
		};
/* End XCRemoteSwiftPackageReference section */

/* Begin XCSwiftPackageProductDependency section */
		4F10DAF92B512DFC00D58A09 /* Kingfisher */ = {
			isa = XCSwiftPackageProductDependency;
			package = 4F10DAF82B512DFC00D58A09 /* XCRemoteSwiftPackageReference "Kingfisher" */;
			productName = Kingfisher;
		};
/* End XCSwiftPackageProductDependency section */
	};
	rootObject = 4F7F30882B481F5500A28267 /* Project object */;
}
