// !$*UTF8*$!
{
	archiveVersion = 1;
	classes = {
	};
	objectVersion = 56;
	objects = {

/* Begin PBXBuildFile section */
		4F7F30942B481F5500A28267 /* AppDelegate.swift in Sources */ = {isa = PBXBuildFile; fileRef = 4F7F30932B481F5500A28267 /* AppDelegate.swift */; };
		4F7F30962B481F5500A28267 /* SceneDelegate.swift in Sources */ = {isa = PBXBuildFile; fileRef = 4F7F30952B481F5500A28267 /* SceneDelegate.swift */; };
		4F7F30982B481F5500A28267 /* ViewController.swift in Sources */ = {isa = PBXBuildFile; fileRef = 4F7F30972B481F5500A28267 /* ViewController.swift */; };
		4F7F309B2B481F5500A28267 /* Main.storyboard in Resources */ = {isa = PBXBuildFile; fileRef = 4F7F30992B481F5500A28267 /* Main.storyboard */; };
		4F7F309D2B481F5700A28267 /* Assets.xcassets in Resources */ = {isa = PBXBuildFile; fileRef = 4F7F309C2B481F5700A28267 /* Assets.xcassets */; };
		4F7F30A02B481F5700A28267 /* LaunchScreen.storyboard in Resources */ = {isa = PBXBuildFile; fileRef = 4F7F309E2B481F5700A28267 /* LaunchScreen.storyboard */; };
		4F7F30A82B482A1100A28267 /* SettingTableViewController.swift in Sources */ = {isa = PBXBuildFile; fileRef = 4F7F30A72B482A1100A28267 /* SettingTableViewController.swift */; };
		4F7F30AA2B48FD6100A28267 /* ShoppingTableViewCell.swift in Sources */ = {isa = PBXBuildFile; fileRef = 4F7F30A92B48FD6100A28267 /* ShoppingTableViewCell.swift */; };
		4F7F30AC2B49177D00A28267 /* ShoppingTableViewController.swift in Sources */ = {isa = PBXBuildFile; fileRef = 4F7F30AB2B49177D00A28267 /* ShoppingTableViewController.swift */; };
		4FA097682B4C66E300E84B79 /* UserDefaults.swift in Sources */ = {isa = PBXBuildFile; fileRef = 4FA097672B4C66E300E84B79 /* UserDefaults.swift */; };
		4FA0976A2B4C6D0C00E84B79 /* Shopping.swift in Sources */ = {isa = PBXBuildFile; fileRef = 4FA097692B4C6D0C00E84B79 /* Shopping.swift */; };
		4FA0976C2B4C747700E84B79 /* TravelTableViewController.swift in Sources */ = {isa = PBXBuildFile; fileRef = 4FA0976B2B4C747700E84B79 /* TravelTableViewController.swift */; };
		4FA0976E2B4C748B00E84B79 /* TravelTableViewCell.swift in Sources */ = {isa = PBXBuildFile; fileRef = 4FA0976D2B4C748B00E84B79 /* TravelTableViewCell.swift */; };
		4FA097702B4C773B00E84B79 /* Magazine.swift in Sources */ = {isa = PBXBuildFile; fileRef = 4FA0976F2B4C773B00E84B79 /* Magazine.swift */; };
		4FA097732B4C7C7200E84B79 /* Kingfisher in Frameworks */ = {isa = PBXBuildFile; productRef = 4FA097722B4C7C7200E84B79 /* Kingfisher */; };
/* End PBXBuildFile section */

/* Begin PBXFileReference section */
		4F7F30902B481F5500A28267 /* TableView.app */ = {isa = PBXFileReference; explicitFileType = wrapper.application; includeInIndex = 0; path = TableView.app; sourceTree = BUILT_PRODUCTS_DIR; };
		4F7F30932B481F5500A28267 /* AppDelegate.swift */ = {isa = PBXFileReference; lastKnownFileType = sourcecode.swift; path = AppDelegate.swift; sourceTree = "<group>"; };
		4F7F30952B481F5500A28267 /* SceneDelegate.swift */ = {isa = PBXFileReference; lastKnownFileType = sourcecode.swift; path = SceneDelegate.swift; sourceTree = "<group>"; };
		4F7F30972B481F5500A28267 /* ViewController.swift */ = {isa = PBXFileReference; lastKnownFileType = sourcecode.swift; path = ViewController.swift; sourceTree = "<group>"; };
		4F7F309A2B481F5500A28267 /* Base */ = {isa = PBXFileReference; lastKnownFileType = file.storyboard; name = Base; path = Base.lproj/Main.storyboard; sourceTree = "<group>"; };
		4F7F309C2B481F5700A28267 /* Assets.xcassets */ = {isa = PBXFileReference; lastKnownFileType = folder.assetcatalog; path = Assets.xcassets; sourceTree = "<group>"; };
		4F7F309F2B481F5700A28267 /* Base */ = {isa = PBXFileReference; lastKnownFileType = file.storyboard; name = Base; path = Base.lproj/LaunchScreen.storyboard; sourceTree = "<group>"; };
		4F7F30A12B481F5700A28267 /* Info.plist */ = {isa = PBXFileReference; lastKnownFileType = text.plist.xml; path = Info.plist; sourceTree = "<group>"; };
		4F7F30A72B482A1100A28267 /* SettingTableViewController.swift */ = {isa = PBXFileReference; lastKnownFileType = sourcecode.swift; path = SettingTableViewController.swift; sourceTree = "<group>"; };
		4F7F30A92B48FD6100A28267 /* ShoppingTableViewCell.swift */ = {isa = PBXFileReference; lastKnownFileType = sourcecode.swift; path = ShoppingTableViewCell.swift; sourceTree = "<group>"; };
		4F7F30AB2B49177D00A28267 /* ShoppingTableViewController.swift */ = {isa = PBXFileReference; lastKnownFileType = sourcecode.swift; path = ShoppingTableViewController.swift; sourceTree = "<group>"; };
		4FA097672B4C66E300E84B79 /* UserDefaults.swift */ = {isa = PBXFileReference; lastKnownFileType = sourcecode.swift; path = UserDefaults.swift; sourceTree = "<group>"; };
		4FA097692B4C6D0C00E84B79 /* Shopping.swift */ = {isa = PBXFileReference; lastKnownFileType = sourcecode.swift; path = Shopping.swift; sourceTree = "<group>"; };
		4FA0976B2B4C747700E84B79 /* TravelTableViewController.swift */ = {isa = PBXFileReference; lastKnownFileType = sourcecode.swift; path = TravelTableViewController.swift; sourceTree = "<group>"; };
		4FA0976D2B4C748B00E84B79 /* TravelTableViewCell.swift */ = {isa = PBXFileReference; lastKnownFileType = sourcecode.swift; path = TravelTableViewCell.swift; sourceTree = "<group>"; };
		4FA0976F2B4C773B00E84B79 /* Magazine.swift */ = {isa = PBXFileReference; lastKnownFileType = sourcecode.swift; path = Magazine.swift; sourceTree = "<group>"; };
/* End PBXFileReference section */

/* Begin PBXFrameworksBuildPhase section */
		4F7F308D2B481F5500A28267 /* Frameworks */ = {
			isa = PBXFrameworksBuildPhase;
			buildActionMask = 2147483647;
			files = (
				4FA097732B4C7C7200E84B79 /* Kingfisher in Frameworks */,
			);
			runOnlyForDeploymentPostprocessing = 0;
		};
/* End PBXFrameworksBuildPhase section */

/* Begin PBXGroup section */
		4F7F30872B481F5500A28267 = {
			isa = PBXGroup;
			children = (
				4F7F30922B481F5500A28267 /* TableView */,
				4F7F30912B481F5500A28267 /* Products */,
			);
			sourceTree = "<group>";
		};
		4F7F30912B481F5500A28267 /* Products */ = {
			isa = PBXGroup;
			children = (
				4F7F30902B481F5500A28267 /* TableView.app */,
			);
			name = Products;
			sourceTree = "<group>";
		};
		4F7F30922B481F5500A28267 /* TableView */ = {
			isa = PBXGroup;
			children = (
				4F7F30932B481F5500A28267 /* AppDelegate.swift */,
				4F7F30952B481F5500A28267 /* SceneDelegate.swift */,
				4F7F30972B481F5500A28267 /* ViewController.swift */,
				4F7F30A72B482A1100A28267 /* SettingTableViewController.swift */,
				4F7F30AB2B49177D00A28267 /* ShoppingTableViewController.swift */,
				4F7F30A92B48FD6100A28267 /* ShoppingTableViewCell.swift */,
				4FA097672B4C66E300E84B79 /* UserDefaults.swift */,
				4F7F30992B481F5500A28267 /* Main.storyboard */,
				4F7F309C2B481F5700A28267 /* Assets.xcassets */,
				4F7F309E2B481F5700A28267 /* LaunchScreen.storyboard */,
				4F7F30A12B481F5700A28267 /* Info.plist */,
				4FA097692B4C6D0C00E84B79 /* Shopping.swift */,
				4FA0976B2B4C747700E84B79 /* TravelTableViewController.swift */,
				4FA0976D2B4C748B00E84B79 /* TravelTableViewCell.swift */,
				4FA0976F2B4C773B00E84B79 /* Magazine.swift */,
			);
			path = TableView;
			sourceTree = "<group>";
		};
/* End PBXGroup section */

/* Begin PBXNativeTarget section */
		4F7F308F2B481F5500A28267 /* TableView */ = {
			isa = PBXNativeTarget;
			buildConfigurationList = 4F7F30A42B481F5700A28267 /* Build configuration list for PBXNativeTarget "TableView" */;
			buildPhases = (
				4F7F308C2B481F5500A28267 /* Sources */,
				4F7F308D2B481F5500A28267 /* Frameworks */,
				4F7F308E2B481F5500A28267 /* Resources */,
			);
			buildRules = (
			);
			dependencies = (
			);
			name = TableView;
			packageProductDependencies = (
				4FA097722B4C7C7200E84B79 /* Kingfisher */,
			);
			productName = TableView;
			productReference = 4F7F30902B481F5500A28267 /* TableView.app */;
			productType = "com.apple.product-type.application";
		};
/* End PBXNativeTarget section */

/* Begin PBXProject section */
		4F7F30882B481F5500A28267 /* Project object */ = {
			isa = PBXProject;
			attributes = {
				BuildIndependentTargetsInParallel = 1;
				LastSwiftUpdateCheck = 1510;
				LastUpgradeCheck = 1510;
				TargetAttributes = {
					4F7F308F2B481F5500A28267 = {
						CreatedOnToolsVersion = 15.1;
					};
				};
			};
			buildConfigurationList = 4F7F308B2B481F5500A28267 /* Build configuration list for PBXProject "TableView" */;
			compatibilityVersion = "Xcode 14.0";
			developmentRegion = en;
			hasScannedForEncodings = 0;
			knownRegions = (
				en,
				Base,
			);
			mainGroup = 4F7F30872B481F5500A28267;
			packageReferences = (
				4FA097712B4C7C7200E84B79 /* XCRemoteSwiftPackageReference "Kingfisher" */,
			);
			productRefGroup = 4F7F30912B481F5500A28267 /* Products */;
			projectDirPath = "";
			projectRoot = "";
			targets = (
				4F7F308F2B481F5500A28267 /* TableView */,
			);
		};
/* End PBXProject section */

/* Begin PBXResourcesBuildPhase section */
		4F7F308E2B481F5500A28267 /* Resources */ = {
			isa = PBXResourcesBuildPhase;
			buildActionMask = 2147483647;
			files = (
				4F7F30A02B481F5700A28267 /* LaunchScreen.storyboard in Resources */,
				4F7F309D2B481F5700A28267 /* Assets.xcassets in Resources */,
				4F7F309B2B481F5500A28267 /* Main.storyboard in Resources */,
			);
			runOnlyForDeploymentPostprocessing = 0;
		};
/* End PBXResourcesBuildPhase section */

/* Begin PBXSourcesBuildPhase section */
		4F7F308C2B481F5500A28267 /* Sources */ = {
			isa = PBXSourcesBuildPhase;
			buildActionMask = 2147483647;
			files = (
				4F7F30A82B482A1100A28267 /* SettingTableViewController.swift in Sources */,
				4FA0976C2B4C747700E84B79 /* TravelTableViewController.swift in Sources */,
				4FA0976A2B4C6D0C00E84B79 /* Shopping.swift in Sources */,
				4FA0976E2B4C748B00E84B79 /* TravelTableViewCell.swift in Sources */,
				4F7F30AC2B49177D00A28267 /* ShoppingTableViewController.swift in Sources */,
				4F7F30982B481F5500A28267 /* ViewController.swift in Sources */,
				4FA097682B4C66E300E84B79 /* UserDefaults.swift in Sources */,
				4F7F30942B481F5500A28267 /* AppDelegate.swift in Sources */,
				4F7F30AA2B48FD6100A28267 /* ShoppingTableViewCell.swift in Sources */,
				4FA097702B4C773B00E84B79 /* Magazine.swift in Sources */,
				4F7F30962B481F5500A28267 /* SceneDelegate.swift in Sources */,
			);
			runOnlyForDeploymentPostprocessing = 0;
		};
/* End PBXSourcesBuildPhase section */

/* Begin PBXVariantGroup section */
		4F7F30992B481F5500A28267 /* Main.storyboard */ = {
			isa = PBXVariantGroup;
			children = (
				4F7F309A2B481F5500A28267 /* Base */,
			);
			name = Main.storyboard;
			sourceTree = "<group>";
		};
		4F7F309E2B481F5700A28267 /* LaunchScreen.storyboard */ = {
			isa = PBXVariantGroup;
			children = (
				4F7F309F2B481F5700A28267 /* Base */,
			);
			name = LaunchScreen.storyboard;
			sourceTree = "<group>";
		};
/* End PBXVariantGroup section */

/* Begin XCBuildConfiguration section */
		4F7F30A22B481F5700A28267 /* Debug */ = {
			isa = XCBuildConfiguration;
			buildSettings = {
				ALWAYS_SEARCH_USER_PATHS = NO;
				ASSETCATALOG_COMPILER_GENERATE_SWIFT_ASSET_SYMBOL_EXTENSIONS = YES;
				CLANG_ANALYZER_NONNULL = YES;
				CLANG_ANALYZER_NUMBER_OBJECT_CONVERSION = YES_AGGRESSIVE;
				CLANG_CXX_LANGUAGE_STANDARD = "gnu++20";
				CLANG_ENABLE_MODULES = YES;
				CLANG_ENABLE_OBJC_ARC = YES;
				CLANG_ENABLE_OBJC_WEAK = YES;
				CLANG_WARN_BLOCK_CAPTURE_AUTORELEASING = YES;
				CLANG_WARN_BOOL_CONVERSION = YES;
				CLANG_WARN_COMMA = YES;
				CLANG_WARN_CONSTANT_CONVERSION = YES;
				CLANG_WARN_DEPRECATED_OBJC_IMPLEMENTATIONS = YES;
				CLANG_WARN_DIRECT_OBJC_ISA_USAGE = YES_ERROR;
				CLANG_WARN_DOCUMENTATION_COMMENTS = YES;
				CLANG_WARN_EMPTY_BODY = YES;
				CLANG_WARN_ENUM_CONVERSION = YES;
				CLANG_WARN_INFINITE_RECURSION = YES;
				CLANG_WARN_INT_CONVERSION = YES;
				CLANG_WARN_NON_LITERAL_NULL_CONVERSION = YES;
				CLANG_WARN_OBJC_IMPLICIT_RETAIN_SELF = YES;
				CLANG_WARN_OBJC_LITERAL_CONVERSION = YES;
				CLANG_WARN_OBJC_ROOT_CLASS = YES_ERROR;
				CLANG_WARN_QUOTED_INCLUDE_IN_FRAMEWORK_HEADER = YES;
				CLANG_WARN_RANGE_LOOP_ANALYSIS = YES;
				CLANG_WARN_STRICT_PROTOTYPES = YES;
				CLANG_WARN_SUSPICIOUS_MOVE = YES;
				CLANG_WARN_UNGUARDED_AVAILABILITY = YES_AGGRESSIVE;
				CLANG_WARN_UNREACHABLE_CODE = YES;
				CLANG_WARN__DUPLICATE_METHOD_MATCH = YES;
				COPY_PHASE_STRIP = NO;
				DEBUG_INFORMATION_FORMAT = dwarf;
				ENABLE_STRICT_OBJC_MSGSEND = YES;
				ENABLE_TESTABILITY = YES;
				ENABLE_USER_SCRIPT_SANDBOXING = YES;
				GCC_C_LANGUAGE_STANDARD = gnu17;
				GCC_DYNAMIC_NO_PIC = NO;
				GCC_NO_COMMON_BLOCKS = YES;
				GCC_OPTIMIZATION_LEVEL = 0;
				GCC_PREPROCESSOR_DEFINITIONS = (
					"DEBUG=1",
					"$(inherited)",
				);
				GCC_WARN_64_TO_32_BIT_CONVERSION = YES;
				GCC_WARN_ABOUT_RETURN_TYPE = YES_ERROR;
				GCC_WARN_UNDECLARED_SELECTOR = YES;
				GCC_WARN_UNINITIALIZED_AUTOS = YES_AGGRESSIVE;
				GCC_WARN_UNUSED_FUNCTION = YES;
				GCC_WARN_UNUSED_VARIABLE = YES;
				IPHONEOS_DEPLOYMENT_TARGET = 17.2;
				LOCALIZATION_PREFERS_STRING_CATALOGS = YES;
				MTL_ENABLE_DEBUG_INFO = INCLUDE_SOURCE;
				MTL_FAST_MATH = YES;
				ONLY_ACTIVE_ARCH = YES;
				SDKROOT = iphoneos;
				SWIFT_ACTIVE_COMPILATION_CONDITIONS = "DEBUG $(inherited)";
				SWIFT_OPTIMIZATION_LEVEL = "-Onone";
			};
			name = Debug;
		};
		4F7F30A32B481F5700A28267 /* Release */ = {
			isa = XCBuildConfiguration;
			buildSettings = {
				ALWAYS_SEARCH_USER_PATHS = NO;
				ASSETCATALOG_COMPILER_GENERATE_SWIFT_ASSET_SYMBOL_EXTENSIONS = YES;
				CLANG_ANALYZER_NONNULL = YES;
				CLANG_ANALYZER_NUMBER_OBJECT_CONVERSION = YES_AGGRESSIVE;
				CLANG_CXX_LANGUAGE_STANDARD = "gnu++20";
				CLANG_ENABLE_MODULES = YES;
				CLANG_ENABLE_OBJC_ARC = YES;
				CLANG_ENABLE_OBJC_WEAK = YES;
				CLANG_WARN_BLOCK_CAPTURE_AUTORELEASING = YES;
				CLANG_WARN_BOOL_CONVERSION = YES;
				CLANG_WARN_COMMA = YES;
				CLANG_WARN_CONSTANT_CONVERSION = YES;
				CLANG_WARN_DEPRECATED_OBJC_IMPLEMENTATIONS = YES;
				CLANG_WARN_DIRECT_OBJC_ISA_USAGE = YES_ERROR;
				CLANG_WARN_DOCUMENTATION_COMMENTS = YES;
				CLANG_WARN_EMPTY_BODY = YES;
				CLANG_WARN_ENUM_CONVERSION = YES;
				CLANG_WARN_INFINITE_RECURSION = YES;
				CLANG_WARN_INT_CONVERSION = YES;
				CLANG_WARN_NON_LITERAL_NULL_CONVERSION = YES;
				CLANG_WARN_OBJC_IMPLICIT_RETAIN_SELF = YES;
				CLANG_WARN_OBJC_LITERAL_CONVERSION = YES;
				CLANG_WARN_OBJC_ROOT_CLASS = YES_ERROR;
				CLANG_WARN_QUOTED_INCLUDE_IN_FRAMEWORK_HEADER = YES;
				CLANG_WARN_RANGE_LOOP_ANALYSIS = YES;
				CLANG_WARN_STRICT_PROTOTYPES = YES;
				CLANG_WARN_SUSPICIOUS_MOVE = YES;
				CLANG_WARN_UNGUARDED_AVAILABILITY = YES_AGGRESSIVE;
				CLANG_WARN_UNREACHABLE_CODE = YES;
				CLANG_WARN__DUPLICATE_METHOD_MATCH = YES;
				COPY_PHASE_STRIP = NO;
				DEBUG_INFORMATION_FORMAT = "dwarf-with-dsym";
				ENABLE_NS_ASSERTIONS = NO;
				ENABLE_STRICT_OBJC_MSGSEND = YES;
				ENABLE_USER_SCRIPT_SANDBOXING = YES;
				GCC_C_LANGUAGE_STANDARD = gnu17;
				GCC_NO_COMMON_BLOCKS = YES;
				GCC_WARN_64_TO_32_BIT_CONVERSION = YES;
				GCC_WARN_ABOUT_RETURN_TYPE = YES_ERROR;
				GCC_WARN_UNDECLARED_SELECTOR = YES;
				GCC_WARN_UNINITIALIZED_AUTOS = YES_AGGRESSIVE;
				GCC_WARN_UNUSED_FUNCTION = YES;
				GCC_WARN_UNUSED_VARIABLE = YES;
				IPHONEOS_DEPLOYMENT_TARGET = 17.2;
				LOCALIZATION_PREFERS_STRING_CATALOGS = YES;
				MTL_ENABLE_DEBUG_INFO = NO;
				MTL_FAST_MATH = YES;
				SDKROOT = iphoneos;
				SWIFT_COMPILATION_MODE = wholemodule;
				VALIDATE_PRODUCT = YES;
			};
			name = Release;
		};
		4F7F30A52B481F5700A28267 /* Debug */ = {
			isa = XCBuildConfiguration;
			buildSettings = {
				ASSETCATALOG_COMPILER_APPICON_NAME = AppIcon;
				ASSETCATALOG_COMPILER_GLOBAL_ACCENT_COLOR_NAME = AccentColor;
				CODE_SIGN_STYLE = Automatic;
				CURRENT_PROJECT_VERSION = 1;
				DEVELOPMENT_TEAM = HAA376DX53;
				GENERATE_INFOPLIST_FILE = YES;
				INFOPLIST_FILE = TableView/Info.plist;
				INFOPLIST_KEY_UIApplicationSupportsIndirectInputEvents = YES;
				INFOPLIST_KEY_UILaunchStoryboardName = LaunchScreen;
				INFOPLIST_KEY_UIMainStoryboardFile = Main;
				INFOPLIST_KEY_UISupportedInterfaceOrientations_iPad = "UIInterfaceOrientationPortrait UIInterfaceOrientationPortraitUpsideDown UIInterfaceOrientationLandscapeLeft UIInterfaceOrientationLandscapeRight";
				INFOPLIST_KEY_UISupportedInterfaceOrientations_iPhone = "UIInterfaceOrientationPortrait UIInterfaceOrientationLandscapeLeft UIInterfaceOrientationLandscapeRight";
				LD_RUNPATH_SEARCH_PATHS = (
					"$(inherited)",
					"@executable_path/Frameworks",
				);
				MARKETING_VERSION = 1.0;
				PRODUCT_BUNDLE_IDENTIFIER = com.heegee.TableView;
				PRODUCT_NAME = "$(TARGET_NAME)";
				SWIFT_EMIT_LOC_STRINGS = YES;
				SWIFT_VERSION = 5.0;
				TARGETED_DEVICE_FAMILY = "1,2";
			};
			name = Debug;
		};
		4F7F30A62B481F5700A28267 /* Release */ = {
			isa = XCBuildConfiguration;
			buildSettings = {
				ASSETCATALOG_COMPILER_APPICON_NAME = AppIcon;
				ASSETCATALOG_COMPILER_GLOBAL_ACCENT_COLOR_NAME = AccentColor;
				CODE_SIGN_STYLE = Automatic;
				CURRENT_PROJECT_VERSION = 1;
				DEVELOPMENT_TEAM = HAA376DX53;
				GENERATE_INFOPLIST_FILE = YES;
				INFOPLIST_FILE = TableView/Info.plist;
				INFOPLIST_KEY_UIApplicationSupportsIndirectInputEvents = YES;
				INFOPLIST_KEY_UILaunchStoryboardName = LaunchScreen;
				INFOPLIST_KEY_UIMainStoryboardFile = Main;
				INFOPLIST_KEY_UISupportedInterfaceOrientations_iPad = "UIInterfaceOrientationPortrait UIInterfaceOrientationPortraitUpsideDown UIInterfaceOrientationLandscapeLeft UIInterfaceOrientationLandscapeRight";
				INFOPLIST_KEY_UISupportedInterfaceOrientations_iPhone = "UIInterfaceOrientationPortrait UIInterfaceOrientationLandscapeLeft UIInterfaceOrientationLandscapeRight";
				LD_RUNPATH_SEARCH_PATHS = (
					"$(inherited)",
					"@executable_path/Frameworks",
				);
				MARKETING_VERSION = 1.0;
				PRODUCT_BUNDLE_IDENTIFIER = com.heegee.TableView;
				PRODUCT_NAME = "$(TARGET_NAME)";
				SWIFT_EMIT_LOC_STRINGS = YES;
				SWIFT_VERSION = 5.0;
				TARGETED_DEVICE_FAMILY = "1,2";
			};
			name = Release;
		};
/* End XCBuildConfiguration section */

/* Begin XCConfigurationList section */
		4F7F308B2B481F5500A28267 /* Build configuration list for PBXProject "TableView" */ = {
			isa = XCConfigurationList;
			buildConfigurations = (
				4F7F30A22B481F5700A28267 /* Debug */,
				4F7F30A32B481F5700A28267 /* Release */,
			);
			defaultConfigurationIsVisible = 0;
			defaultConfigurationName = Release;
		};
		4F7F30A42B481F5700A28267 /* Build configuration list for PBXNativeTarget "TableView" */ = {
			isa = XCConfigurationList;
			buildConfigurations = (
				4F7F30A52B481F5700A28267 /* Debug */,
				4F7F30A62B481F5700A28267 /* Release */,
			);
			defaultConfigurationIsVisible = 0;
			defaultConfigurationName = Release;
		};
/* End XCConfigurationList section */

/* Begin XCRemoteSwiftPackageReference section */
		4FA097712B4C7C7200E84B79 /* XCRemoteSwiftPackageReference "Kingfisher" */ = {
			isa = XCRemoteSwiftPackageReference;
			repositoryURL = "https://github.com/onevcat/Kingfisher";
			requirement = {
				kind = upToNextMajorVersion;
				minimumVersion = 7.10.1;
			};
		};
/* End XCRemoteSwiftPackageReference section */

/* Begin XCSwiftPackageProductDependency section */
		4FA097722B4C7C7200E84B79 /* Kingfisher */ = {
			isa = XCSwiftPackageProductDependency;
			package = 4FA097712B4C7C7200E84B79 /* XCRemoteSwiftPackageReference "Kingfisher" */;
			productName = Kingfisher;
		};
/* End XCSwiftPackageProductDependency section */
	};
	rootObject = 4F7F30882B481F5500A28267 /* Project object */;
}
